
Microsoft Visual Studio Solution File, Format Version 12.00
# Visual Studio Version 17
VisualStudioVersion = 17.9.34701.34
MinimumVisualStudioVersion = 10.0.40219.1
Project("{FAE04EC0-301F-11D3-BF4B-00C04F79EFBC}") = "ASPIdentity", "ASPIdentity\ASPIdentity.csproj", "{4AC949C6-F783-49EB-BB79-894E661BD74A}"
EndProject
Global
	GlobalSection(SolutionConfigurationPlatforms) = preSolution
		Debug|Any CPU = Debug|Any CPU
		Release|Any CPU = Release|Any CPU
	EndGlobalSection
	GlobalSection(ProjectConfigurationPlatforms) = postSolution
		{4AC949C6-F783-49EB-BB79-894E661BD74A}.Debug|Any CPU.ActiveCfg = Debug|Any CPU
		{4AC949C6-F783-49EB-BB79-894E661BD74A}.Debug|Any CPU.Build.0 = Debug|Any CPU
		{4AC949C6-F783-49EB-BB79-894E661BD74A}.Release|Any CPU.ActiveCfg = Release|Any CPU
		{4AC949C6-F783-49EB-BB79-894E661BD74A}.Release|Any CPU.Build.0 = Release|Any CPU
	EndGlobalSection
	GlobalSection(SolutionProperties) = preSolution
		HideSolutionNode = FALSE
	EndGlobalSection
	GlobalSection(ExtensibilityGlobals) = postSolution
		SolutionGuid = {56936D0B-0E0C-475A-852D-35D5FD5ECE5C}
	EndGlobalSection
EndGlobal
